
Microsoft Visual Studio Solution File, Format Version 12.00
# Visual Studio Version 17
VisualStudioVersion = 17.5.33424.131
MinimumVisualStudioVersion = 10.0.40219.1
Project("{FAE04EC0-301F-11D3-BF4B-00C04F79EFBC}") = "OrderPayment", "OrderPayment\OrderPayment.csproj", "{204C407B-6731-4B77-AADB-1DFEE755907D}"
EndProject
Global
	GlobalSection(SolutionConfigurationPlatforms) = preSolution
		Debug|Any CPU = Debug|Any CPU
		Release|Any CPU = Release|Any CPU
	EndGlobalSection
	GlobalSection(ProjectConfigurationPlatforms) = postSolution
		{204C407B-6731-4B77-AADB-1DFEE755907D}.Debug|Any CPU.ActiveCfg = Debug|Any CPU
		{204C407B-6731-4B77-AADB-1DFEE755907D}.Debug|Any CPU.Build.0 = Debug|Any CPU
		{204C407B-6731-4B77-AADB-1DFEE755907D}.Release|Any CPU.ActiveCfg = Release|Any CPU
		{204C407B-6731-4B77-AADB-1DFEE755907D}.Release|Any CPU.Build.0 = Release|Any CPU
	EndGlobalSection
	GlobalSection(SolutionProperties) = preSolution
		HideSolutionNode = FALSE
	EndGlobalSection
	GlobalSection(ExtensibilityGlobals) = postSolution
		SolutionGuid = {AEB1EA7C-8609-4FC5-A62F-9DBBA62ACBAF}
	EndGlobalSection
EndGlobal
